lockfileVersion: '9.0'

settings:
  autoInstallPeers: true
  excludeLinksFromLockfile: false

importers:

  .:
    dependencies:
      '@modelcontextprotocol/sdk':
        specifier: ^0.5.0
        version: 0.5.0
      dotenv:
        specifier: ^16.3.1
        version: 16.6.1
      glob:
        specifier: ^11.0.3
        version: 11.0.3
      node-fetch:
        specifier: ^3.3.2
        version: 3.3.2
    devDependencies:
      '@types/node':
        specifier: ^20.10.0
        version: 20.19.12
      tsx:
        specifier: ^4.6.0
        version: 4.20.5
      typescript:
        specifier: ^5.3.0
        version: 5.9.2

packages:

  '@esbuild/aix-ppc64@0.25.9':
    resolution: {integrity: sha1-vvljUfFlIAVclHq6KIAu7ePJ6ak=, tarball: http://registry.m.jd.com/@esbuild/aix-ppc64/download/@esbuild/aix-ppc64-0.25.9.tgz}
    engines: {node: '>=18'}

  '@esbuild/android-arm64@0.25.9':
    resolution: {integrity: sha1-0ucL59UaUpQlQiCR4Ny5A3TBVGw=, tarball: http://registry.m.jd.com/@esbuild/android-arm64/download/@esbuild/android-arm64-0.25.9.tgz}
    engines: {node: '>=18'}

  '@esbuild/android-arm@0.25.9':
    resolution: {integrity: sha1-0qdT/ipMc7eUN9C6FIDi12AJdBk=, tarball: http://registry.m.jd.com/@esbuild/android-arm/download/@esbuild/android-arm-0.25.9.tgz}
    engines: {node: '>=18'}

  '@esbuild/android-x64@0.25.9':
    resolution: {integrity: sha1-UniDbjx651dhYmli+QKg1VNS5oM=, tarball: http://registry.m.jd.com/@esbuild/android-x64/download/@esbuild/android-x64-0.25.9.tgz}
    engines: {node: '>=18'}

  '@esbuild/darwin-arm64@0.25.9':
    resolution: {integrity: sha1-8VE+r57I+hXcr0w0Gw8AXT6LR64=, tarball: http://registry.m.jd.com/@esbuild/darwin-arm64/download/@esbuild/darwin-arm64-0.25.9.tgz}
    engines: {node: '>=18'}

  '@esbuild/darwin-x64@0.25.9':
    resolution: {integrity: sha1-4n28O1B7OhzqO5KAoEuLa3Jfgr4=, tarball: http://registry.m.jd.com/@esbuild/darwin-x64/download/@esbuild/darwin-x64-0.25.9.tgz}
    engines: {node: '>=18'}

  '@esbuild/freebsd-arm64@0.25.9':
    resolution: {integrity: sha1-Nk4+W3of1F2SvgjGzF2JDKdZCMo=, tarball: http://registry.m.jd.com/@esbuild/freebsd-arm64/download/@esbuild/freebsd-arm64-0.25.9.tgz}
    engines: {node: '>=18'}

  '@esbuild/freebsd-x64@0.25.9':
    resolution: {integrity: sha1-fIabRfrrPfZo4ZrOBzNaBxHsVqs=, tarball: http://registry.m.jd.com/@esbuild/freebsd-x64/download/@esbuild/freebsd-x64-0.25.9.tgz}
    engines: {node: '>=18'}

  '@esbuild/linux-arm64@0.25.9':
    resolution: {integrity: sha1-SNQoYXWMlAthq+pDupopsYbWy4s=, tarball: http://registry.m.jd.com/@esbuild/linux-arm64/download/@esbuild/linux-arm64-0.25.9.tgz}
    engines: {node: '>=18'}

  '@esbuild/linux-arm@0.25.9':
    resolution: {integrity: sha1-bOS5yr8UgnQQFwHREridxnzFLzc=, tarball: http://registry.m.jd.com/@esbuild/linux-arm/download/@esbuild/linux-arm-0.25.9.tgz}
    engines: {node: '>=18'}

  '@esbuild/linux-ia32@0.25.9':
    resolution: {integrity: sha1-IH5UiZt5ysnCbDI/wcqjLjFD8cQ=, tarball: http://registry.m.jd.com/@esbuild/linux-ia32/download/@esbuild/linux-ia32-0.25.9.tgz}
    engines: {node: '>=18'}

  '@esbuild/linux-loong64@0.25.9':
    resolution: {integrity: sha1-C6SKEnFZqPartYJ/IRmLmZ/9H8A=, tarball: http://registry.m.jd.com/@esbuild/linux-loong64/download/@esbuild/linux-loong64-0.25.9.tgz}
    engines: {node: '>=18'}

  '@esbuild/linux-mips64el@0.25.9':
    resolution: {integrity: sha1-pNTMaT0YX2amr96U93KzjOXWTrU=, tarball: http://registry.m.jd.com/@esbuild/linux-mips64el/download/@esbuild/linux-mips64el-0.25.9.tgz}
    engines: {node: '>=18'}

  '@esbuild/linux-ppc64@0.25.9':
    resolution: {integrity: sha1-D1gFwcbWQ1odr9wEPLB6GQUDV9s=, tarball: http://registry.m.jd.com/@esbuild/linux-ppc64/download/@esbuild/linux-ppc64-0.25.9.tgz}
    engines: {node: '>=18'}

  '@esbuild/linux-riscv64@0.25.9':
    resolution: {integrity: sha1-Z3bt7OD4/KefM4Y5i1GD/yqCdUc=, tarball: http://registry.m.jd.com/@esbuild/linux-riscv64/download/@esbuild/linux-riscv64-0.25.9.tgz}
    engines: {node: '>=18'}

  '@esbuild/linux-s390x@0.25.9':
    resolution: {integrity: sha1-P28p7wNpOER8IhjTCdyHUiWGGDA=, tarball: http://registry.m.jd.com/@esbuild/linux-s390x/download/@esbuild/linux-s390x-0.25.9.tgz}
    engines: {node: '>=18'}

  '@esbuild/linux-x64@0.25.9':
    resolution: {integrity: sha1-gx/gsOGoCouDkSJOojd9VSDhUn8=, tarball: http://registry.m.jd.com/@esbuild/linux-x64/download/@esbuild/linux-x64-0.25.9.tgz}
    engines: {node: '>=18'}

  '@esbuild/netbsd-arm64@0.25.9':
    resolution: {integrity: sha1-BvmdfuvgNfu+Q94BydfpjSoKpUg=, tarball: http://registry.m.jd.com/@esbuild/netbsd-arm64/download/@esbuild/netbsd-arm64-0.25.9.tgz}
    engines: {node: '>=18'}

  '@esbuild/netbsd-x64@0.25.9':
    resolution: {integrity: sha1-25mFjmvtbnORH5Kojk7dOoxCmlI=, tarball: http://registry.m.jd.com/@esbuild/netbsd-x64/download/@esbuild/netbsd-x64-0.25.9.tgz}
    engines: {node: '>=18'}

  '@esbuild/openbsd-arm64@0.25.9':
    resolution: {integrity: sha1-r7iGyGfjb52GuyHoeOEYX11aCTU=, tarball: http://registry.m.jd.com/@esbuild/openbsd-arm64/download/@esbuild/openbsd-arm64-0.25.9.tgz}
    engines: {node: '>=18'}

  '@esbuild/openbsd-x64@0.25.9':
    resolution: {integrity: sha1-MIVcn4OB+sag71tfMaxucQimbs8=, tarball: http://registry.m.jd.com/@esbuild/openbsd-x64/download/@esbuild/openbsd-x64-0.25.9.tgz}
    engines: {node: '>=18'}

  '@esbuild/openharmony-arm64@0.25.9':
    resolution: {integrity: sha1-LyFErzHmetwqjjcFwgwr2XvYgxQ=, tarball: http://registry.m.jd.com/@esbuild/openharmony-arm64/download/@esbuild/openharmony-arm64-0.25.9.tgz}
    engines: {node: '>=18'}

  '@esbuild/sunos-x64@0.25.9':
    resolution: {integrity: sha1-abmam1vSJsnrnGpz+ZD93Ul9cy4=, tarball: http://registry.m.jd.com/@esbuild/sunos-x64/download/@esbuild/sunos-x64-0.25.9.tgz}
    engines: {node: '>=18'}

  '@esbuild/win32-arm64@0.25.9':
    resolution: {integrity: sha1-14kzCnEq+RbIgyX0/+Rl+IVxnGs=, tarball: http://registry.m.jd.com/@esbuild/win32-arm64/download/@esbuild/win32-arm64-0.25.9.tgz}
    engines: {node: '>=18'}

  '@esbuild/win32-ia32@0.25.9':
    resolution: {integrity: sha1-UvxzVAa9SWiCU+dOToN6wroHieM=, tarball: http://registry.m.jd.com/@esbuild/win32-ia32/download/@esbuild/win32-ia32-0.25.9.tgz}
    engines: {node: '>=18'}

  '@esbuild/win32-x64@0.25.9':
    resolution: {integrity: sha1-WFYk3IKc+258CqbDyn1+baqH408=, tarball: http://registry.m.jd.com/@esbuild/win32-x64/download/@esbuild/win32-x64-0.25.9.tgz}
    engines: {node: '>=18'}

  '@isaacs/balanced-match@4.0.1':
    resolution: {integrity: sha1-MIHa28NGBmG3UedZHX+upd853Sk=, tarball: http://registry.m.jd.com/@isaacs/balanced-match/download/@isaacs/balanced-match-4.0.1.tgz}
    engines: {node: 20 || >=22}

  '@isaacs/brace-expansion@5.0.0':
    resolution: {integrity: sha1-Sz2rq32OdaQpQUqWvWe/TB0T4PM=, tarball: http://registry.m.jd.com/@isaacs/brace-expansion/download/@isaacs/brace-expansion-5.0.0.tgz}
    engines: {node: 20 || >=22}

  '@isaacs/cliui@8.0.2':
    resolution: {integrity: sha1-s3Znt7wYHBaHgiWbq0JHT79StVA=, tarball: http://registry.m.jd.com/@isaacs/cliui/download/@isaacs/cliui-8.0.2.tgz}
    engines: {node: '>=12'}

  '@modelcontextprotocol/sdk@0.5.0':
    resolution: {integrity: sha1-1ldXfy6tJ0HK0GTL6H7SJE7tgOY=, tarball: http://registry.m.jd.com/@modelcontextprotocol/sdk/download/@modelcontextprotocol/sdk-0.5.0.tgz}

  '@types/node@20.19.12':
    resolution: {integrity: sha1-HOCHTlV8Si/uYoUWehCooLifirg=, tarball: http://registry.m.jd.com/@types/node/download/@types/node-20.19.12.tgz}

  ansi-regex@5.0.1:
    resolution: {integrity: sha1-CCyyyJyf6GWaMRpTvWpNxTAdswQ=, tarball: http://registry.m.jd.com/ansi-regex/download/ansi-regex-5.0.1.tgz}
    engines: {node: '>=8'}

  ansi-regex@6.2.2:
    resolution: {integrity: sha1-YCFu6kZNhkWXzigyAAc4oFiWUME=, tarball: http://registry.m.jd.com/ansi-regex/download/ansi-regex-6.2.2.tgz}
    engines: {node: '>=12'}

  ansi-styles@4.3.0:
    resolution: {integrity: sha1-7dgDYornHATIWuegkG7a00tkiTc=, tarball: http://registry.m.jd.com/ansi-styles/download/ansi-styles-4.3.0.tgz}
    engines: {node: '>=8'}

  ansi-styles@6.2.3:
    resolution: {integrity: sha1-wETV3MUhoHZBNHJZehrLHxA8QEE=, tarball: http://registry.m.jd.com/ansi-styles/download/ansi-styles-6.2.3.tgz}
    engines: {node: '>=12'}

  bytes@3.1.2:
    resolution: {integrity: sha1-iwvuuYYFrfGxKPpDhkA8AJ4CIaU=, tarball: http://registry.m.jd.com/bytes/download/bytes-3.1.2.tgz}
    engines: {node: '>= 0.8'}

  color-convert@2.0.1:
    resolution: {integrity: sha1-ctOmjVmMm9s68q0ehPIdiWq9TeM=, tarball: http://registry.m.jd.com/color-convert/download/color-convert-2.0.1.tgz}
    engines: {node: '>=7.0.0'}

  color-name@1.1.4:
    resolution: {integrity: sha1-wqCah6y95pVD3m9j+jmVyCbFNqI=, tarball: http://registry.m.jd.com/color-name/download/color-name-1.1.4.tgz}

  content-type@1.0.5:
    resolution: {integrity: sha1-i3cxYmVtHRCGeEyPI6VM5tc9eRg=, tarball: http://registry.m.jd.com/content-type/download/content-type-1.0.5.tgz}
    engines: {node: '>= 0.6'}

  cross-spawn@7.0.6:
    resolution: {integrity: sha1-ilj+ePANzXDDcEUXWd+/rwPo7p8=, tarball: http://registry.m.jd.com/cross-spawn/download/cross-spawn-7.0.6.tgz}
    engines: {node: '>= 8'}

  data-uri-to-buffer@4.0.1:
    resolution: {integrity: sha1-2P6ysogeak9YwuCKz9Dig04mIi4=, tarball: http://registry.m.jd.com/data-uri-to-buffer/download/data-uri-to-buffer-4.0.1.tgz}
    engines: {node: '>= 12'}

  depd@2.0.0:
    resolution: {integrity: sha1-tpYWPMdXVg0JzyLMj60Vcbeedt8=, tarball: http://registry.m.jd.com/depd/download/depd-2.0.0.tgz}
    engines: {node: '>= 0.8'}

  dotenv@16.6.1:
    resolution: {integrity: sha1-dz8OaVJ6gxXHKF1e5zxEWdIKgCA=, tarball: http://registry.m.jd.com/dotenv/download/dotenv-16.6.1.tgz}
    engines: {node: '>=12'}

  eastasianwidth@0.2.0:
    resolution: {integrity: sha1-aWzi7Aqg5uqTo5f/zySqeEDIJ8s=, tarball: http://registry.m.jd.com/eastasianwidth/download/eastasianwidth-0.2.0.tgz}

  emoji-regex@8.0.0:
    resolution: {integrity: sha1-6Bj9ac5cz8tARZT4QpY79TFkzDc=, tarball: http://registry.m.jd.com/emoji-regex/download/emoji-regex-8.0.0.tgz}

  emoji-regex@9.2.2:
    resolution: {integrity: sha1-hAyIA7DYBH9P8M+WMXazLU7z7XI=, tarball: http://registry.m.jd.com/emoji-regex/download/emoji-regex-9.2.2.tgz}

  esbuild@0.25.9:
    resolution: {integrity: sha1-FauOOa5s3GTCT/iiwK71s/2fqXY=, tarball: http://registry.m.jd.com/esbuild/download/esbuild-0.25.9.tgz}
    engines: {node: '>=18'}
    hasBin: true

  fetch-blob@3.2.0:
    resolution: {integrity: sha1-8JuNS71Frcbwwgt+eH55PjCdzOk=, tarball: http://registry.m.jd.com/fetch-blob/download/fetch-blob-3.2.0.tgz}
    engines: {node: ^12.20 || >= 14.13}

  foreground-child@3.3.1:
    resolution: {integrity: sha1-Mujp7Rtoo0l777msK2rfkqY4V28=, tarball: http://registry.m.jd.com/foreground-child/download/foreground-child-3.3.1.tgz}
    engines: {node: '>=14'}

  formdata-polyfill@4.0.10:
    resolution: {integrity: sha1-JIB8McnUAuACqz2McgFEzriEhCM=, tarball: http://registry.m.jd.com/formdata-polyfill/download/formdata-polyfill-4.0.10.tgz}
    engines: {node: '>=12.20.0'}

  fsevents@2.3.3:
    resolution: {integrity: sha1-ysZAd4XQNnWipeGlMFxpezR9kNY=, tarball: http://registry.m.jd.com/fsevents/download/fsevents-2.3.3.tgz}
    engines: {node: ^8.16.0 || ^10.6.0 || >=11.0.0}

  get-tsconfig@4.10.1:
    resolution: {integrity: sha1-00wcAfR9ZaYGw3qnoXe8PlarSy4=, tarball: http://registry.m.jd.com/get-tsconfig/download/get-tsconfig-4.10.1.tgz}

  glob@11.0.3:
    resolution: {integrity: sha1-nYCH5tct2zxHB7HSd4+A6j6u/NY=, tarball: http://registry.m.jd.com/glob/download/glob-11.0.3.tgz}
    engines: {node: 20 || >=22}
    hasBin: true

  http-errors@2.0.0:
    resolution: {integrity: sha1-t3dKFIbvc892Z6ya4IWMASxXudM=, tarball: http://registry.m.jd.com/http-errors/download/http-errors-2.0.0.tgz}
    engines: {node: '>= 0.8'}

  iconv-lite@0.6.3:
    resolution: {integrity: sha1-pS+AvzjaGVLrXGgXkHGYcaGnJQE=, tarball: http://registry.m.jd.com/iconv-lite/download/iconv-lite-0.6.3.tgz}
    engines: {node: '>=0.10.0'}

  inherits@2.0.4:
    resolution: {integrity: sha1-D6LGT5MpF8NDOg3tVTY6rjdBa3w=, tarball: http://registry.m.jd.com/inherits/download/inherits-2.0.4.tgz}

  is-fullwidth-code-point@3.0.0:
    resolution: {integrity: sha1-8Rb4Bk/pCz94RKOJl8C3UFEmnx0=, tarball: http://registry.m.jd.com/is-fullwidth-code-point/download/is-fullwidth-code-point-3.0.0.tgz}
    engines: {node: '>=8'}

  isexe@2.0.0:
    resolution: {integrity: sha1-6PvzdNxVb/iUehDcsFctYz8s+hA=, tarball: http://registry.m.jd.com/isexe/download/isexe-2.0.0.tgz}

  jackspeak@4.1.1:
    resolution: {integrity: sha1-lodgMPRQUCBH/H6Mf8+M6BJOQ64=, tarball: http://registry.m.jd.com/jackspeak/download/jackspeak-4.1.1.tgz}
    engines: {node: 20 || >=22}

  lru-cache@11.2.1:
    resolution: {integrity: sha1-1CasRxUhcpxsGs2l96Yz6tqijbI=, tarball: http://registry.m.jd.com/lru-cache/download/lru-cache-11.2.1.tgz}
    engines: {node: 20 || >=22}

  minimatch@10.0.3:
    resolution: {integrity: sha1-z3oDFKFsTZq3OncwoOjjw1AtR6o=, tarball: http://registry.m.jd.com/minimatch/download/minimatch-10.0.3.tgz}
    engines: {node: 20 || >=22}

  minipass@7.1.2:
    resolution: {integrity: sha1-k6libOXl5mvU24aEnnUV6SNApwc=, tarball: http://registry.m.jd.com/minipass/download/minipass-7.1.2.tgz}
    engines: {node: '>=16 || 14 >=14.17'}

  node-domexception@1.0.0:
    resolution: {integrity: sha1-aIjbRqH3HAt2s/dVUBa2P+ZHZuU=, tarball: http://registry.m.jd.com/node-domexception/download/node-domexception-1.0.0.tgz}
    engines: {node: '>=10.5.0'}

  node-fetch@3.3.2:
    resolution: {integrity: sha1-0eiJus33M7T/OyskPrehKGagt4s=, tarball: http://registry.m.jd.com/node-fetch/download/node-fetch-3.3.2.tgz}
    engines: {node: ^12.20.0 || ^14.13.1 || >=16.0.0}

  package-json-from-dist@1.0.1:
    resolution: {integrity: sha1-TxRxoBCCeob5TP2bByfjbSZ95QU=, tarball: http://registry.m.jd.com/package-json-from-dist/download/package-json-from-dist-1.0.1.tgz}

  path-key@3.1.1:
    resolution: {integrity: sha1-WB9q3mWMu6ZaDTOA3ndTKVBU83U=, tarball: http://registry.m.jd.com/path-key/download/path-key-3.1.1.tgz}
    engines: {node: '>=8'}

  path-scurry@2.0.0:
    resolution: {integrity: sha1-nwUiifI62L+Tl6KgQl57hhXFhYA=, tarball: http://registry.m.jd.com/path-scurry/download/path-scurry-2.0.0.tgz}
    engines: {node: 20 || >=22}

  raw-body@3.0.0:
    resolution: {integrity: sha1-JbNHbwelFgBhna4/6C3cKKNuXg8=, tarball: http://registry.m.jd.com/raw-body/download/raw-body-3.0.0.tgz}
    engines: {node: '>= 0.8'}

  resolve-pkg-maps@1.0.0:
    resolution: {integrity: sha1-YWs9wsVwVrVYjDHN9LPWTbEzcg8=, tarball: http://registry.m.jd.com/resolve-pkg-maps/download/resolve-pkg-maps-1.0.0.tgz}

  safer-buffer@2.1.2:
    resolution: {integrity: sha1-RPoWGwGHuVSd2Eu5GAL5vYOFzWo=, tarball: http://registry.m.jd.com/safer-buffer/download/safer-buffer-2.1.2.tgz}

  setprototypeof@1.2.0:
    resolution: {integrity: sha1-ZsmiSnP5/CjL5msJ/tPTPcrxtCQ=, tarball: http://registry.m.jd.com/setprototypeof/download/setprototypeof-1.2.0.tgz}

  shebang-command@2.0.0:
    resolution: {integrity: sha1-zNCvT4g1+9wmW4JGGq8MNmY/NOo=, tarball: http://registry.m.jd.com/shebang-command/download/shebang-command-2.0.0.tgz}
    engines: {node: '>=8'}

  shebang-regex@3.0.0:
    resolution: {integrity: sha1-rhbxZE2HPsrYQ7AwexQzYtTEIXI=, tarball: http://registry.m.jd.com/shebang-regex/download/shebang-regex-3.0.0.tgz}
    engines: {node: '>=8'}

  signal-exit@4.1.0:
    resolution: {integrity: sha1-lSGIwcvVRgcOLdIND0HArgUwywQ=, tarball: http://registry.m.jd.com/signal-exit/download/signal-exit-4.1.0.tgz}
    engines: {node: '>=14'}

  statuses@2.0.1:
    resolution: {integrity: sha1-VcsADM8dSHKL0jxoWgY5mM8aG2M=, tarball: http://registry.m.jd.com/statuses/download/statuses-2.0.1.tgz}
    engines: {node: '>= 0.8'}

  string-width@4.2.3:
    resolution: {integrity: sha1-JpxxF9J7Ba0uU2gwqOyJXvnG0BA=, tarball: http://registry.m.jd.com/string-width/download/string-width-4.2.3.tgz}
    engines: {node: '>=8'}

  string-width@5.1.2:
    resolution: {integrity: sha1-FPja7G2B5yIdKjV+Zoyrc728p5Q=, tarball: http://registry.m.jd.com/string-width/download/string-width-5.1.2.tgz}
    engines: {node: '>=12'}

  strip-ansi@6.0.1:
    resolution: {integrity: sha1-nibGPTD1NEPpSJSVshBdN7Z6hdk=, tarball: http://registry.m.jd.com/strip-ansi/download/strip-ansi-6.0.1.tgz}
    engines: {node: '>=8'}

  strip-ansi@7.1.2:
    resolution: {integrity: sha1-Eyh1q95njH6o1pFTPy5+Irt0Tbo=, tarball: http://registry.m.jd.com/strip-ansi/download/strip-ansi-7.1.2.tgz}
    engines: {node: '>=12'}

  toidentifier@1.0.1:
    resolution: {integrity: sha1-O+NDIaiKgg7RvYDfqjPkefu43TU=, tarball: http://registry.m.jd.com/toidentifier/download/toidentifier-1.0.1.tgz}
    engines: {node: '>=0.6'}

  tsx@4.20.5:
    resolution: {integrity: sha1-hWyLLxFMUKn0rhCBJpZ6Fn8kDcc=, tarball: http://registry.m.jd.com/tsx/download/tsx-4.20.5.tgz}
    engines: {node: '>=18.0.0'}
    hasBin: true

  typescript@5.9.2:
    resolution: {integrity: sha1-2TRQzd7FFUotXKvjuBArgzFvsqY=, tarball: http://registry.m.jd.com/typescript/download/typescript-5.9.2.tgz}
    engines: {node: '>=14.17'}
    hasBin: true

  undici-types@6.21.0:
    resolution: {integrity: sha1-aR0ArzkJvpOn+qE75hs6W1DvEss=, tarball: http://registry.m.jd.com/undici-types/download/undici-types-6.21.0.tgz}

  unpipe@1.0.0:
    resolution: {integrity: sha1-sr9O6FFKrmFltIF4KdIbLvSZBOw=, tarball: http://registry.m.jd.com/unpipe/download/unpipe-1.0.0.tgz}
    engines: {node: '>= 0.8'}

  web-streams-polyfill@3.3.3:
    resolution: {integrity: sha1-IHO5Gi/bH7+9QB594KyfghTOy0s=, tarball: http://registry.m.jd.com/web-streams-polyfill/download/web-streams-polyfill-3.3.3.tgz}
    engines: {node: '>= 8'}

  which@2.0.2:
    resolution: {integrity: sha1-fGqN0KY2oDJ+ELWckobu6T8/UbE=, tarball: http://registry.m.jd.com/which/download/which-2.0.2.tgz}
    engines: {node: '>= 8'}
    hasBin: true

  wrap-ansi@7.0.0:
    resolution: {integrity: sha1-Z+FFz/UQpqaYS98RUpEdadLrnkM=, tarball: http://registry.m.jd.com/wrap-ansi/download/wrap-ansi-7.0.0.tgz}
    engines: {node: '>=10'}

  wrap-ansi@8.1.0:
    resolution: {integrity: sha1-VtwiNo7lcPrOG0mBmXXZuaXq0hQ=, tarball: http://registry.m.jd.com/wrap-ansi/download/wrap-ansi-8.1.0.tgz}
    engines: {node: '>=12'}

  zod@3.25.76:
    resolution: {integrity: sha1-JoQcP2/SKmonYOfMtxkXl2hHHjQ=, tarball: http://registry.m.jd.com/zod/download/zod-3.25.76.tgz}

snapshots:

  '@esbuild/aix-ppc64@0.25.9':
    optional: true

  '@esbuild/android-arm64@0.25.9':
    optional: true

  '@esbuild/android-arm@0.25.9':
    optional: true

  '@esbuild/android-x64@0.25.9':
    optional: true

  '@esbuild/darwin-arm64@0.25.9':
    optional: true

  '@esbuild/darwin-x64@0.25.9':
    optional: true

  '@esbuild/freebsd-arm64@0.25.9':
    optional: true

  '@esbuild/freebsd-x64@0.25.9':
    optional: true

  '@esbuild/linux-arm64@0.25.9':
    optional: true

  '@esbuild/linux-arm@0.25.9':
    optional: true

  '@esbuild/linux-ia32@0.25.9':
    optional: true

  '@esbuild/linux-loong64@0.25.9':
    optional: true

  '@esbuild/linux-mips64el@0.25.9':
    optional: true

  '@esbuild/linux-ppc64@0.25.9':
    optional: true

  '@esbuild/linux-riscv64@0.25.9':
    optional: true

  '@esbuild/linux-s390x@0.25.9':
    optional: true

  '@esbuild/linux-x64@0.25.9':
    optional: true

  '@esbuild/netbsd-arm64@0.25.9':
    optional: true

  '@esbuild/netbsd-x64@0.25.9':
    optional: true

  '@esbuild/openbsd-arm64@0.25.9':
    optional: true

  '@esbuild/openbsd-x64@0.25.9':
    optional: true

  '@esbuild/openharmony-arm64@0.25.9':
    optional: true

  '@esbuild/sunos-x64@0.25.9':
    optional: true

  '@esbuild/win32-arm64@0.25.9':
    optional: true

  '@esbuild/win32-ia32@0.25.9':
    optional: true

  '@esbuild/win32-x64@0.25.9':
    optional: true

  '@isaacs/balanced-match@4.0.1': {}

  '@isaacs/brace-expansion@5.0.0':
    dependencies:
      '@isaacs/balanced-match': 4.0.1

  '@isaacs/cliui@8.0.2':
    dependencies:
      string-width: 5.1.2
      string-width-cjs: string-width@4.2.3
      strip-ansi: 7.1.2
      strip-ansi-cjs: strip-ansi@6.0.1
      wrap-ansi: 8.1.0
      wrap-ansi-cjs: wrap-ansi@7.0.0

  '@modelcontextprotocol/sdk@0.5.0':
    dependencies:
      content-type: 1.0.5
      raw-body: 3.0.0
      zod: 3.25.76

  '@types/node@20.19.12':
    dependencies:
      undici-types: 6.21.0

  ansi-regex@5.0.1: {}

  ansi-regex@6.2.2: {}

  ansi-styles@4.3.0:
    dependencies:
      color-convert: 2.0.1

  ansi-styles@6.2.3: {}

  bytes@3.1.2: {}

  color-convert@2.0.1:
    dependencies:
      color-name: 1.1.4

  color-name@1.1.4: {}

  content-type@1.0.5: {}

  cross-spawn@7.0.6:
    dependencies:
      path-key: 3.1.1
      shebang-command: 2.0.0
      which: 2.0.2

  data-uri-to-buffer@4.0.1: {}

  depd@2.0.0: {}

  dotenv@16.6.1: {}

  eastasianwidth@0.2.0: {}

  emoji-regex@8.0.0: {}

  emoji-regex@9.2.2: {}

  esbuild@0.25.9:
    optionalDependencies:
      '@esbuild/aix-ppc64': 0.25.9
      '@esbuild/android-arm': 0.25.9
      '@esbuild/android-arm64': 0.25.9
      '@esbuild/android-x64': 0.25.9
      '@esbuild/darwin-arm64': 0.25.9
      '@esbuild/darwin-x64': 0.25.9
      '@esbuild/freebsd-arm64': 0.25.9
      '@esbuild/freebsd-x64': 0.25.9
      '@esbuild/linux-arm': 0.25.9
      '@esbuild/linux-arm64': 0.25.9
      '@esbuild/linux-ia32': 0.25.9
      '@esbuild/linux-loong64': 0.25.9
      '@esbuild/linux-mips64el': 0.25.9
      '@esbuild/linux-ppc64': 0.25.9
      '@esbuild/linux-riscv64': 0.25.9
      '@esbuild/linux-s390x': 0.25.9
      '@esbuild/linux-x64': 0.25.9
      '@esbuild/netbsd-arm64': 0.25.9
      '@esbuild/netbsd-x64': 0.25.9
      '@esbuild/openbsd-arm64': 0.25.9
      '@esbuild/openbsd-x64': 0.25.9
      '@esbuild/openharmony-arm64': 0.25.9
      '@esbuild/sunos-x64': 0.25.9
      '@esbuild/win32-arm64': 0.25.9
      '@esbuild/win32-ia32': 0.25.9
      '@esbuild/win32-x64': 0.25.9

  fetch-blob@3.2.0:
    dependencies:
      node-domexception: 1.0.0
      web-streams-polyfill: 3.3.3

  foreground-child@3.3.1:
    dependencies:
      cross-spawn: 7.0.6
      signal-exit: 4.1.0

  formdata-polyfill@4.0.10:
    dependencies:
      fetch-blob: 3.2.0

  fsevents@2.3.3:
    optional: true

  get-tsconfig@4.10.1:
    dependencies:
      resolve-pkg-maps: 1.0.0

  glob@11.0.3:
    dependencies:
      foreground-child: 3.3.1
      jackspeak: 4.1.1
      minimatch: 10.0.3
      minipass: 7.1.2
      package-json-from-dist: 1.0.1
      path-scurry: 2.0.0

  http-errors@2.0.0:
    dependencies:
      depd: 2.0.0
      inherits: 2.0.4
      setprototypeof: 1.2.0
      statuses: 2.0.1
      toidentifier: 1.0.1

  iconv-lite@0.6.3:
    dependencies:
      safer-buffer: 2.1.2

  inherits@2.0.4: {}

  is-fullwidth-code-point@3.0.0: {}

  isexe@2.0.0: {}

  jackspeak@4.1.1:
    dependencies:
      '@isaacs/cliui': 8.0.2

  lru-cache@11.2.1: {}

  minimatch@10.0.3:
    dependencies:
      '@isaacs/brace-expansion': 5.0.0

  minipass@7.1.2: {}

  node-domexception@1.0.0: {}

  node-fetch@3.3.2:
    dependencies:
      data-uri-to-buffer: 4.0.1
      fetch-blob: 3.2.0
      formdata-polyfill: 4.0.10

  package-json-from-dist@1.0.1: {}

  path-key@3.1.1: {}

  path-scurry@2.0.0:
    dependencies:
      lru-cache: 11.2.1
      minipass: 7.1.2

  raw-body@3.0.0:
    dependencies:
      bytes: 3.1.2
      http-errors: 2.0.0
      iconv-lite: 0.6.3
      unpipe: 1.0.0

  resolve-pkg-maps@1.0.0: {}

  safer-buffer@2.1.2: {}

  setprototypeof@1.2.0: {}

  shebang-command@2.0.0:
    dependencies:
      shebang-regex: 3.0.0

  shebang-regex@3.0.0: {}

  signal-exit@4.1.0: {}

  statuses@2.0.1: {}

  string-width@4.2.3:
    dependencies:
      emoji-regex: 8.0.0
      is-fullwidth-code-point: 3.0.0
      strip-ansi: 6.0.1

  string-width@5.1.2:
    dependencies:
      eastasianwidth: 0.2.0
      emoji-regex: 9.2.2
      strip-ansi: 7.1.2

  strip-ansi@6.0.1:
    dependencies:
      ansi-regex: 5.0.1

  strip-ansi@7.1.2:
    dependencies:
      ansi-regex: 6.2.2

  toidentifier@1.0.1: {}

  tsx@4.20.5:
    dependencies:
      esbuild: 0.25.9
      get-tsconfig: 4.10.1
    optionalDependencies:
      fsevents: 2.3.3

  typescript@5.9.2: {}

  undici-types@6.21.0: {}

  unpipe@1.0.0: {}

  web-streams-polyfill@3.3.3: {}

  which@2.0.2:
    dependencies:
      isexe: 2.0.0

  wrap-ansi@7.0.0:
    dependencies:
      ansi-styles: 4.3.0
      string-width: 4.2.3
      strip-ansi: 6.0.1

  wrap-ansi@8.1.0:
    dependencies:
      ansi-styles: 6.2.3
      string-width: 5.1.2
      strip-ansi: 7.1.2

  zod@3.25.76: {}
